// !$*UTF8*$!
{
	archiveVersion = 1;
	classes = {
	};
	objectVersion = 56;
	objects = {

/* Begin PBXBuildFile section */
		F60B1E0D2A0C816E00A4A99C /* AppDelegate.swift in Sources */ = {isa = PBXBuildFile; fileRef = F60B1E0C2A0C816E00A4A99C /* AppDelegate.swift */; };
		F60B1E0F2A0C816E00A4A99C /* SceneDelegate.swift in Sources */ = {isa = PBXBuildFile; fileRef = F60B1E0E2A0C816E00A4A99C /* SceneDelegate.swift */; };
		F60B1E112A0C816E00A4A99C /* ViewController.swift in Sources */ = {isa = PBXBuildFile; fileRef = F60B1E102A0C816E00A4A99C /* ViewController.swift */; };
		F60B1E162A0C816F00A4A99C /* Assets.xcassets in Resources */ = {isa = PBXBuildFile; fileRef = F60B1E152A0C816F00A4A99C /* Assets.xcassets */; };
		F60B1E192A0C816F00A4A99C /* LaunchScreen.storyboard in Resources */ = {isa = PBXBuildFile; fileRef = F60B1E172A0C816F00A4A99C /* LaunchScreen.storyboard */; };
		F60B1E242A0C83DE00A4A99C /* ValidationError.swift in Sources */ = {isa = PBXBuildFile; fileRef = F60B1E232A0C83DE00A4A99C /* ValidationError.swift */; };
		F60B1E262A0C844400A4A99C /* Account.swift in Sources */ = {isa = PBXBuildFile; fileRef = F60B1E252A0C844400A4A99C /* Account.swift */; };
		F60B1E282A0C846000A4A99C /* Transaction.swift in Sources */ = {isa = PBXBuildFile; fileRef = F60B1E272A0C846000A4A99C /* Transaction.swift */; };
		F60B1E2A2A0C84BE00A4A99C /* BankTransfer.swift in Sources */ = {isa = PBXBuildFile; fileRef = F60B1E292A0C84BE00A4A99C /* BankTransfer.swift */; };
		F60B1E2C2A0C884300A4A99C /* CreditCardPayment.swift in Sources */ = {isa = PBXBuildFile; fileRef = F60B1E2B2A0C884300A4A99C /* CreditCardPayment.swift */; };
		F60B1E2E2A0C88DC00A4A99C /* DebitCardPayment.swift in Sources */ = {isa = PBXBuildFile; fileRef = F60B1E2D2A0C88DC00A4A99C /* DebitCardPayment.swift */; };
		F60B1E302A0C891400A4A99C /* DigitalWalletPayment.swift in Sources */ = {isa = PBXBuildFile; fileRef = F60B1E2F2A0C891400A4A99C /* DigitalWalletPayment.swift */; };
		F60B1E322A0C89D400A4A99C /* TransactionProcessor.swift in Sources */ = {isa = PBXBuildFile; fileRef = F60B1E312A0C89D400A4A99C /* TransactionProcessor.swift */; };
/* End PBXBuildFile section */

/* Begin PBXFileReference section */
		F60B1E092A0C816E00A4A99C /* Mentoria.app */ = {isa = PBXFileReference; explicitFileType = wrapper.application; includeInIndex = 0; path = Mentoria.app; sourceTree = BUILT_PRODUCTS_DIR; };
		F60B1E0C2A0C816E00A4A99C /* AppDelegate.swift */ = {isa = PBXFileReference; lastKnownFileType = sourcecode.swift; path = AppDelegate.swift; sourceTree = "<group>"; };
		F60B1E0E2A0C816E00A4A99C /* SceneDelegate.swift */ = {isa = PBXFileReference; lastKnownFileType = sourcecode.swift; path = SceneDelegate.swift; sourceTree = "<group>"; };
		F60B1E102A0C816E00A4A99C /* ViewController.swift */ = {isa = PBXFileReference; lastKnownFileType = sourcecode.swift; path = ViewController.swift; sourceTree = "<group>"; };
		F60B1E152A0C816F00A4A99C /* Assets.xcassets */ = {isa = PBXFileReference; lastKnownFileType = folder.assetcatalog; path = Assets.xcassets; sourceTree = "<group>"; };
		F60B1E182A0C816F00A4A99C /* Base */ = {isa = PBXFileReference; lastKnownFileType = file.storyboard; name = Base; path = Base.lproj/LaunchScreen.storyboard; sourceTree = "<group>"; };
		F60B1E1A2A0C816F00A4A99C /* Info.plist */ = {isa = PBXFileReference; lastKnownFileType = text.plist.xml; path = Info.plist; sourceTree = "<group>"; };
		F60B1E232A0C83DE00A4A99C /* ValidationError.swift */ = {isa = PBXFileReference; lastKnownFileType = sourcecode.swift; path = ValidationError.swift; sourceTree = "<group>"; };
		F60B1E252A0C844400A4A99C /* Account.swift */ = {isa = PBXFileReference; lastKnownFileType = sourcecode.swift; path = Account.swift; sourceTree = "<group>"; };
		F60B1E272A0C846000A4A99C /* Transaction.swift */ = {isa = PBXFileReference; lastKnownFileType = sourcecode.swift; path = Transaction.swift; sourceTree = "<group>"; };
		F60B1E292A0C84BE00A4A99C /* BankTransfer.swift */ = {isa = PBXFileReference; lastKnownFileType = sourcecode.swift; path = BankTransfer.swift; sourceTree = "<group>"; };
		F60B1E2B2A0C884300A4A99C /* CreditCardPayment.swift */ = {isa = PBXFileReference; lastKnownFileType = sourcecode.swift; path = CreditCardPayment.swift; sourceTree = "<group>"; };
		F60B1E2D2A0C88DC00A4A99C /* DebitCardPayment.swift */ = {isa = PBXFileReference; lastKnownFileType = sourcecode.swift; path = DebitCardPayment.swift; sourceTree = "<group>"; };
		F60B1E2F2A0C891400A4A99C /* DigitalWalletPayment.swift */ = {isa = PBXFileReference; lastKnownFileType = sourcecode.swift; path = DigitalWalletPayment.swift; sourceTree = "<group>"; };
		F60B1E312A0C89D400A4A99C /* TransactionProcessor.swift */ = {isa = PBXFileReference; lastKnownFileType = sourcecode.swift; path = TransactionProcessor.swift; sourceTree = "<group>"; };
/* End PBXFileReference section */

/* Begin PBXFrameworksBuildPhase section */
		F60B1E062A0C816E00A4A99C /* Frameworks */ = {
			isa = PBXFrameworksBuildPhase;
			buildActionMask = 2147483647;
			files = (
			);
			runOnlyForDeploymentPostprocessing = 0;
		};
/* End PBXFrameworksBuildPhase section */

/* Begin PBXGroup section */
		F60B1E002A0C816E00A4A99C = {
			isa = PBXGroup;
			children = (
				F60B1E0B2A0C816E00A4A99C /* Mentoria */,
				F60B1E0A2A0C816E00A4A99C /* Products */,
			);
			sourceTree = "<group>";
		};
		F60B1E0A2A0C816E00A4A99C /* Products */ = {
			isa = PBXGroup;
			children = (
				F60B1E092A0C816E00A4A99C /* Mentoria.app */,
			);
			name = Products;
			sourceTree = "<group>";
		};
		F60B1E0B2A0C816E00A4A99C /* Mentoria */ = {
			isa = PBXGroup;
			children = (
				F60B1E222A0C83B400A4A99C /* Feature */,
				F60B1E212A0C838300A4A99C /* Start */,
				F60B1E202A0C837500A4A99C /* SupportingFiles */,
			);
			path = Mentoria;
			sourceTree = "<group>";
		};
		F60B1E202A0C837500A4A99C /* SupportingFiles */ = {
			isa = PBXGroup;
			children = (
				F60B1E152A0C816F00A4A99C /* Assets.xcassets */,
				F60B1E172A0C816F00A4A99C /* LaunchScreen.storyboard */,
				F60B1E1A2A0C816F00A4A99C /* Info.plist */,
			);
			path = SupportingFiles;
			sourceTree = "<group>";
		};
		F60B1E212A0C838300A4A99C /* Start */ = {
			isa = PBXGroup;
			children = (
				F60B1E0C2A0C816E00A4A99C /* AppDelegate.swift */,
				F60B1E0E2A0C816E00A4A99C /* SceneDelegate.swift */,
			);
			path = Start;
			sourceTree = "<group>";
		};
		F60B1E222A0C83B400A4A99C /* Feature */ = {
			isa = PBXGroup;
			children = (
				F60B1E102A0C816E00A4A99C /* ViewController.swift */,
				F60B1E232A0C83DE00A4A99C /* ValidationError.swift */,
				F60B1E252A0C844400A4A99C /* Account.swift */,
				F60B1E272A0C846000A4A99C /* Transaction.swift */,
				F60B1E292A0C84BE00A4A99C /* BankTransfer.swift */,
				F60B1E2B2A0C884300A4A99C /* CreditCardPayment.swift */,
				F60B1E2D2A0C88DC00A4A99C /* DebitCardPayment.swift */,
				F60B1E2F2A0C891400A4A99C /* DigitalWalletPayment.swift */,
				F60B1E312A0C89D400A4A99C /* TransactionProcessor.swift */,
			);
			path = Feature;
			sourceTree = "<group>";
		};
/* End PBXGroup section */

/* Begin PBXNativeTarget section */
		F60B1E082A0C816E00A4A99C /* Mentoria */ = {
			isa = PBXNativeTarget;
			buildConfigurationList = F60B1E1D2A0C816F00A4A99C /* Build configuration list for PBXNativeTarget "Mentoria" */;
			buildPhases = (
				F60B1E052A0C816E00A4A99C /* Sources */,
				F60B1E062A0C816E00A4A99C /* Frameworks */,
				F60B1E072A0C816E00A4A99C /* Resources */,
			);
			buildRules = (
			);
			dependencies = (
			);
			name = Mentoria;
			productName = Mentoria;
			productReference = F60B1E092A0C816E00A4A99C /* Mentoria.app */;
			productType = "com.apple.product-type.application";
		};
/* End PBXNativeTarget section */

/* Begin PBXProject section */
		F60B1E012A0C816E00A4A99C /* Project object */ = {
			isa = PBXProject;
			attributes = {
				BuildIndependentTargetsInParallel = 1;
				LastSwiftUpdateCheck = 1420;
				LastUpgradeCheck = 1420;
				TargetAttributes = {
					F60B1E082A0C816E00A4A99C = {
						CreatedOnToolsVersion = 14.2;
					};
				};
			};
			buildConfigurationList = F60B1E042A0C816E00A4A99C /* Build configuration list for PBXProject "Mentoria" */;
			compatibilityVersion = "Xcode 14.0";
			developmentRegion = en;
			hasScannedForEncodings = 0;
			knownRegions = (
				en,
				Base,
			);
			mainGroup = F60B1E002A0C816E00A4A99C;
			productRefGroup = F60B1E0A2A0C816E00A4A99C /* Products */;
			projectDirPath = "";
			projectRoot = "";
			targets = (
				F60B1E082A0C816E00A4A99C /* Mentoria */,
			);
		};
/* End PBXProject section */

/* Begin PBXResourcesBuildPhase section */
		F60B1E072A0C816E00A4A99C /* Resources */ = {
			isa = PBXResourcesBuildPhase;
			buildActionMask = 2147483647;
			files = (
				F60B1E192A0C816F00A4A99C /* LaunchScreen.storyboard in Resources */,
				F60B1E162A0C816F00A4A99C /* Assets.xcassets in Resources */,
			);
			runOnlyForDeploymentPostprocessing = 0;
		};
/* End PBXResourcesBuildPhase section */

/* Begin PBXSourcesBuildPhase section */
		F60B1E052A0C816E00A4A99C /* Sources */ = {
			isa = PBXSourcesBuildPhase;
			buildActionMask = 2147483647;
			files = (
				F60B1E262A0C844400A4A99C /* Account.swift in Sources */,
				F60B1E2A2A0C84BE00A4A99C /* BankTransfer.swift in Sources */,
				F60B1E322A0C89D400A4A99C /* TransactionProcessor.swift in Sources */,
				F60B1E112A0C816E00A4A99C /* ViewController.swift in Sources */,
				F60B1E282A0C846000A4A99C /* Transaction.swift in Sources */,
				F60B1E2E2A0C88DC00A4A99C /* DebitCardPayment.swift in Sources */,
				F60B1E242A0C83DE00A4A99C /* ValidationError.swift in Sources */,
				F60B1E2C2A0C884300A4A99C /* CreditCardPayment.swift in Sources */,
				F60B1E0D2A0C816E00A4A99C /* AppDelegate.swift in Sources */,
				F60B1E302A0C891400A4A99C /* DigitalWalletPayment.swift in Sources */,
				F60B1E0F2A0C816E00A4A99C /* SceneDelegate.swift in Sources */,
			);
			runOnlyForDeploymentPostprocessing = 0;
		};
/* End PBXSourcesBuildPhase section */

/* Begin PBXVariantGroup section */
		F60B1E172A0C816F00A4A99C /* LaunchScreen.storyboard */ = {
			isa = PBXVariantGroup;
			children = (
				F60B1E182A0C816F00A4A99C /* Base */,
			);
			name = LaunchScreen.storyboard;
			sourceTree = "<group>";
		};
/* End PBXVariantGroup section */

/* Begin XCBuildConfiguration section */
		F60B1E1B2A0C816F00A4A99C /* Debug */ = {
			isa = XCBuildConfiguration;
			buildSettings = {
				ALWAYS_SEARCH_USER_PATHS = NO;
				CLANG_ANALYZER_NONNULL = YES;
				CLANG_ANALYZER_NUMBER_OBJECT_CONVERSION = YES_AGGRESSIVE;
				CLANG_CXX_LANGUAGE_STANDARD = "gnu++20";
				CLANG_ENABLE_MODULES = YES;
				CLANG_ENABLE_OBJC_ARC = YES;
				CLANG_ENABLE_OBJC_WEAK = YES;
				CLANG_WARN_BLOCK_CAPTURE_AUTORELEASING = YES;
				CLANG_WARN_BOOL_CONVERSION = YES;
				CLANG_WARN_COMMA = YES;
				CLANG_WARN_CONSTANT_CONVERSION = YES;
				CLANG_WARN_DEPRECATED_OBJC_IMPLEMENTATIONS = YES;
				CLANG_WARN_DIRECT_OBJC_ISA_USAGE = YES_ERROR;
				CLANG_WARN_DOCUMENTATION_COMMENTS = YES;
				CLANG_WARN_EMPTY_BODY = YES;
				CLANG_WARN_ENUM_CONVERSION = YES;
				CLANG_WARN_INFINITE_RECURSION = YES;
				CLANG_WARN_INT_CONVERSION = YES;
				CLANG_WARN_NON_LITERAL_NULL_CONVERSION = YES;
				CLANG_WARN_OBJC_IMPLICIT_RETAIN_SELF = YES;
				CLANG_WARN_OBJC_LITERAL_CONVERSION = YES;
				CLANG_WARN_OBJC_ROOT_CLASS = YES_ERROR;
				CLANG_WARN_QUOTED_INCLUDE_IN_FRAMEWORK_HEADER = YES;
				CLANG_WARN_RANGE_LOOP_ANALYSIS = YES;
				CLANG_WARN_STRICT_PROTOTYPES = YES;
				CLANG_WARN_SUSPICIOUS_MOVE = YES;
				CLANG_WARN_UNGUARDED_AVAILABILITY = YES_AGGRESSIVE;
				CLANG_WARN_UNREACHABLE_CODE = YES;
				CLANG_WARN__DUPLICATE_METHOD_MATCH = YES;
				COPY_PHASE_STRIP = NO;
				DEBUG_INFORMATION_FORMAT = dwarf;
				ENABLE_STRICT_OBJC_MSGSEND = YES;
				ENABLE_TESTABILITY = YES;
				GCC_C_LANGUAGE_STANDARD = gnu11;
				GCC_DYNAMIC_NO_PIC = NO;
				GCC_NO_COMMON_BLOCKS = YES;
				GCC_OPTIMIZATION_LEVEL = 0;
				GCC_PREPROCESSOR_DEFINITIONS = (
					"DEBUG=1",
					"$(inherited)",
				);
				GCC_WARN_64_TO_32_BIT_CONVERSION = YES;
				GCC_WARN_ABOUT_RETURN_TYPE = YES_ERROR;
				GCC_WARN_UNDECLARED_SELECTOR = YES;
				GCC_WARN_UNINITIALIZED_AUTOS = YES_AGGRESSIVE;
				GCC_WARN_UNUSED_FUNCTION = YES;
				GCC_WARN_UNUSED_VARIABLE = YES;
				IPHONEOS_DEPLOYMENT_TARGET = 16.2;
				MTL_ENABLE_DEBUG_INFO = INCLUDE_SOURCE;
				MTL_FAST_MATH = YES;
				ONLY_ACTIVE_ARCH = YES;
				SDKROOT = iphoneos;
				SWIFT_ACTIVE_COMPILATION_CONDITIONS = DEBUG;
				SWIFT_OPTIMIZATION_LEVEL = "-Onone";
			};
			name = Debug;
		};
		F60B1E1C2A0C816F00A4A99C /* Release */ = {
			isa = XCBuildConfiguration;
			buildSettings = {
				ALWAYS_SEARCH_USER_PATHS = NO;
				CLANG_ANALYZER_NONNULL = YES;
				CLANG_ANALYZER_NUMBER_OBJECT_CONVERSION = YES_AGGRESSIVE;
				CLANG_CXX_LANGUAGE_STANDARD = "gnu++20";
				CLANG_ENABLE_MODULES = YES;
				CLANG_ENABLE_OBJC_ARC = YES;
				CLANG_ENABLE_OBJC_WEAK = YES;
				CLANG_WARN_BLOCK_CAPTURE_AUTORELEASING = YES;
				CLANG_WARN_BOOL_CONVERSION = YES;
				CLANG_WARN_COMMA = YES;
				CLANG_WARN_CONSTANT_CONVERSION = YES;
				CLANG_WARN_DEPRECATED_OBJC_IMPLEMENTATIONS = YES;
				CLANG_WARN_DIRECT_OBJC_ISA_USAGE = YES_ERROR;
				CLANG_WARN_DOCUMENTATION_COMMENTS = YES;
				CLANG_WARN_EMPTY_BODY = YES;
				CLANG_WARN_ENUM_CONVERSION = YES;
				CLANG_WARN_INFINITE_RECURSION = YES;
				CLANG_WARN_INT_CONVERSION = YES;
				CLANG_WARN_NON_LITERAL_NULL_CONVERSION = YES;
				CLANG_WARN_OBJC_IMPLICIT_RETAIN_SELF = YES;
				CLANG_WARN_OBJC_LITERAL_CONVERSION = YES;
				CLANG_WARN_OBJC_ROOT_CLASS = YES_ERROR;
				CLANG_WARN_QUOTED_INCLUDE_IN_FRAMEWORK_HEADER = YES;
				CLANG_WARN_RANGE_LOOP_ANALYSIS = YES;
				CLANG_WARN_STRICT_PROTOTYPES = YES;
				CLANG_WARN_SUSPICIOUS_MOVE = YES;
				CLANG_WARN_UNGUARDED_AVAILABILITY = YES_AGGRESSIVE;
				CLANG_WARN_UNREACHABLE_CODE = YES;
				CLANG_WARN__DUPLICATE_METHOD_MATCH = YES;
				COPY_PHASE_STRIP = NO;
				DEBUG_INFORMATION_FORMAT = "dwarf-with-dsym";
				ENABLE_NS_ASSERTIONS = NO;
				ENABLE_STRICT_OBJC_MSGSEND = YES;
				GCC_C_LANGUAGE_STANDARD = gnu11;
				GCC_NO_COMMON_BLOCKS = YES;
				GCC_WARN_64_TO_32_BIT_CONVERSION = YES;
				GCC_WARN_ABOUT_RETURN_TYPE = YES_ERROR;
				GCC_WARN_UNDECLARED_SELECTOR = YES;
				GCC_WARN_UNINITIALIZED_AUTOS = YES_AGGRESSIVE;
				GCC_WARN_UNUSED_FUNCTION = YES;
				GCC_WARN_UNUSED_VARIABLE = YES;
				IPHONEOS_DEPLOYMENT_TARGET = 16.2;
				MTL_ENABLE_DEBUG_INFO = NO;
				MTL_FAST_MATH = YES;
				SDKROOT = iphoneos;
				SWIFT_COMPILATION_MODE = wholemodule;
				SWIFT_OPTIMIZATION_LEVEL = "-O";
				VALIDATE_PRODUCT = YES;
			};
			name = Release;
		};
		F60B1E1E2A0C816F00A4A99C /* Debug */ = {
			isa = XCBuildConfiguration;
			buildSettings = {
				ASSETCATALOG_COMPILER_APPICON_NAME = AppIcon;
				ASSETCATALOG_COMPILER_GLOBAL_ACCENT_COLOR_NAME = AccentColor;
				CODE_SIGN_STYLE = Automatic;
				CURRENT_PROJECT_VERSION = 1;
				DEVELOPMENT_TEAM = B792F458DS;
				GENERATE_INFOPLIST_FILE = YES;
				INFOPLIST_FILE = Mentoria/SupportingFiles/Info.plist;
				INFOPLIST_KEY_UIApplicationSupportsIndirectInputEvents = YES;
				INFOPLIST_KEY_UILaunchStoryboardName = LaunchScreen;
				INFOPLIST_KEY_UIMainStoryboardFile = "";
				INFOPLIST_KEY_UISupportedInterfaceOrientations_iPad = "UIInterfaceOrientationPortrait UIInterfaceOrientationPortraitUpsideDown UIInterfaceOrientationLandscapeLeft UIInterfaceOrientationLandscapeRight";
				INFOPLIST_KEY_UISupportedInterfaceOrientations_iPhone = "UIInterfaceOrientationPortrait UIInterfaceOrientationLandscapeLeft UIInterfaceOrientationLandscapeRight";
				LD_RUNPATH_SEARCH_PATHS = (
					"$(inherited)",
					"@executable_path/Frameworks",
				);
				MARKETING_VERSION = 1.0;
				PRODUCT_BUNDLE_IDENTIFIER = com.thyagoraphael.Mentoria;
				PRODUCT_NAME = "$(TARGET_NAME)";
				SWIFT_EMIT_LOC_STRINGS = YES;
				SWIFT_VERSION = 5.0;
				TARGETED_DEVICE_FAMILY = "1,2";
			};
			name = Debug;
		};
		F60B1E1F2A0C816F00A4A99C /* Release */ = {
			isa = XCBuildConfiguration;
			buildSettings = {
				ASSETCATALOG_COMPILER_APPICON_NAME = AppIcon;
				ASSETCATALOG_COMPILER_GLOBAL_ACCENT_COLOR_NAME = AccentColor;
				CODE_SIGN_STYLE = Automatic;
				CURRENT_PROJECT_VERSION = 1;
				DEVELOPMENT_TEAM = B792F458DS;
				GENERATE_INFOPLIST_FILE = YES;
				INFOPLIST_FILE = Mentoria/SupportingFiles/Info.plist;
				INFOPLIST_KEY_UIApplicationSupportsIndirectInputEvents = YES;
				INFOPLIST_KEY_UILaunchStoryboardName = LaunchScreen;
				INFOPLIST_KEY_UIMainStoryboardFile = "";
				INFOPLIST_KEY_UISupportedInterfaceOrientations_iPad = "UIInterfaceOrientationPortrait UIInterfaceOrientationPortraitUpsideDown UIInterfaceOrientationLandscapeLeft UIInterfaceOrientationLandscapeRight";
				INFOPLIST_KEY_UISupportedInterfaceOrientations_iPhone = "UIInterfaceOrientationPortrait UIInterfaceOrientationLandscapeLeft UIInterfaceOrientationLandscapeRight";
				LD_RUNPATH_SEARCH_PATHS = (
					"$(inherited)",
					"@executable_path/Frameworks",
				);
				MARKETING_VERSION = 1.0;
				PRODUCT_BUNDLE_IDENTIFIER = com.thyagoraphael.Mentoria;
				PRODUCT_NAME = "$(TARGET_NAME)";
				SWIFT_EMIT_LOC_STRINGS = YES;
				SWIFT_VERSION = 5.0;
				TARGETED_DEVICE_FAMILY = "1,2";
			};
			name = Release;
		};
/* End XCBuildConfiguration section */

/* Begin XCConfigurationList section */
		F60B1E042A0C816E00A4A99C /* Build configuration list for PBXProject "Mentoria" */ = {
			isa = XCConfigurationList;
			buildConfigurations = (
				F60B1E1B2A0C816F00A4A99C /* Debug */,
				F60B1E1C2A0C816F00A4A99C /* Release */,
			);
			defaultConfigurationIsVisible = 0;
			defaultConfigurationName = Release;
		};
		F60B1E1D2A0C816F00A4A99C /* Build configuration list for PBXNativeTarget "Mentoria" */ = {
			isa = XCConfigurationList;
			buildConfigurations = (
				F60B1E1E2A0C816F00A4A99C /* Debug */,
				F60B1E1F2A0C816F00A4A99C /* Release */,
			);
			defaultConfigurationIsVisible = 0;
			defaultConfigurationName = Release;
		};
/* End XCConfigurationList section */
	};
	rootObject = F60B1E012A0C816E00A4A99C /* Project object */;
}
